// !$*UTF8*$!
{
	archiveVersion = 1;
	classes = {
	};
	objectVersion = 55;
	objects = {

/* Begin PBXBuildFile section */
		4411D1352765333A0034A403 /* FiltersListViewController.swift in Sources */ = {isa = PBXBuildFile; fileRef = 4411D1342765333A0034A403 /* FiltersListViewController.swift */; };
		4411D137276534FF0034A403 /* FilterProvider.swift in Sources */ = {isa = PBXBuildFile; fileRef = 4411D136276534FF0034A403 /* FilterProvider.swift */; };
		442319722763F0BB00268B74 /* AdsListSection.swift in Sources */ = {isa = PBXBuildFile; fileRef = 442319712763F0BB00268B74 /* AdsListSection.swift */; };
		442319742763F12200268B74 /* AdComplete+Hashable.swift in Sources */ = {isa = PBXBuildFile; fileRef = 442319732763F12200268B74 /* AdComplete+Hashable.swift */; };
		447E18EB2763408C00B77F38 /* AdsListView.swift in Sources */ = {isa = PBXBuildFile; fileRef = 447E18EA2763408C00B77F38 /* AdsListView.swift */; };
		44B3BCBE2764F60D0065548B /* AdsListDelegate.swift in Sources */ = {isa = PBXBuildFile; fileRef = 44B3BCBD2764F60D0065548B /* AdsListDelegate.swift */; };
		44B3BCC02764FBC30065548B /* SelectionProvider.swift in Sources */ = {isa = PBXBuildFile; fileRef = 44B3BCBF2764FBC30065548B /* SelectionProvider.swift */; };
		44C60555275E7EA9002E4626 /* AppDelegate.swift in Sources */ = {isa = PBXBuildFile; fileRef = 44C60554275E7EA9002E4626 /* AppDelegate.swift */; };
		44C60557275E7EA9002E4626 /* SceneDelegate.swift in Sources */ = {isa = PBXBuildFile; fileRef = 44C60556275E7EA9002E4626 /* SceneDelegate.swift */; };
		44C60559275E7EA9002E4626 /* AdsListViewController.swift in Sources */ = {isa = PBXBuildFile; fileRef = 44C60558275E7EA9002E4626 /* AdsListViewController.swift */; };
		44C6055E275E7EAA002E4626 /* Assets.xcassets in Resources */ = {isa = PBXBuildFile; fileRef = 44C6055D275E7EAA002E4626 /* Assets.xcassets */; };
		44C60561275E7EAA002E4626 /* LaunchScreen.storyboard in Resources */ = {isa = PBXBuildFile; fileRef = 44C6055F275E7EAA002E4626 /* LaunchScreen.storyboard */; };
		44C6056C275E7EAA002E4626 /* LeboncoinAdsTests.swift in Sources */ = {isa = PBXBuildFile; fileRef = 44C6056B275E7EAA002E4626 /* LeboncoinAdsTests.swift */; };
		44C60576275E7EAA002E4626 /* LeboncoinAdsUITests.swift in Sources */ = {isa = PBXBuildFile; fileRef = 44C60575275E7EAA002E4626 /* LeboncoinAdsUITests.swift */; };
		44C60578275E7EAA002E4626 /* LeboncoinAdsUITestsLaunchTests.swift in Sources */ = {isa = PBXBuildFile; fileRef = 44C60577275E7EAA002E4626 /* LeboncoinAdsUITestsLaunchTests.swift */; };
		44C6059127623C83002E4626 /* AdsLoader in Frameworks */ = {isa = PBXBuildFile; productRef = 44C6059027623C83002E4626 /* AdsLoader */; };
		44C6059327623C8C002E4626 /* ModelConverter in Frameworks */ = {isa = PBXBuildFile; productRef = 44C6059227623C8C002E4626 /* ModelConverter */; };
		44C6059627623FDA002E4626 /* AdsProvider.swift in Sources */ = {isa = PBXBuildFile; fileRef = 44C6059527623FDA002E4626 /* AdsProvider.swift */; };
		44C6059827625949002E4626 /* AdsListAssembler.swift in Sources */ = {isa = PBXBuildFile; fileRef = 44C6059727625949002E4626 /* AdsListAssembler.swift */; };
		44C6059A27625D7D002E4626 /* MockAdsProvider.swift in Sources */ = {isa = PBXBuildFile; fileRef = 44C6059927625D7D002E4626 /* MockAdsProvider.swift */; };
/* End PBXBuildFile section */

/* Begin PBXContainerItemProxy section */
		44C60568275E7EAA002E4626 /* PBXContainerItemProxy */ = {
			isa = PBXContainerItemProxy;
			containerPortal = 44C60549275E7EA9002E4626 /* Project object */;
			proxyType = 1;
			remoteGlobalIDString = 44C60550275E7EA9002E4626;
			remoteInfo = LeboncoinAds;
		};
		44C60572275E7EAA002E4626 /* PBXContainerItemProxy */ = {
			isa = PBXContainerItemProxy;
			containerPortal = 44C60549275E7EA9002E4626 /* Project object */;
			proxyType = 1;
			remoteGlobalIDString = 44C60550275E7EA9002E4626;
			remoteInfo = LeboncoinAds;
		};
/* End PBXContainerItemProxy section */

/* Begin PBXFileReference section */
		4411D1342765333A0034A403 /* FiltersListViewController.swift */ = {isa = PBXFileReference; lastKnownFileType = sourcecode.swift; path = FiltersListViewController.swift; sourceTree = "<group>"; };
		4411D136276534FF0034A403 /* FilterProvider.swift */ = {isa = PBXFileReference; lastKnownFileType = sourcecode.swift; path = FilterProvider.swift; sourceTree = "<group>"; };
		442319712763F0BB00268B74 /* AdsListSection.swift */ = {isa = PBXFileReference; lastKnownFileType = sourcecode.swift; path = AdsListSection.swift; sourceTree = "<group>"; };
		442319732763F12200268B74 /* AdComplete+Hashable.swift */ = {isa = PBXFileReference; lastKnownFileType = sourcecode.swift; path = "AdComplete+Hashable.swift"; sourceTree = "<group>"; };
		447E18EA2763408C00B77F38 /* AdsListView.swift */ = {isa = PBXFileReference; lastKnownFileType = sourcecode.swift; path = AdsListView.swift; sourceTree = "<group>"; };
		44B3BCBD2764F60D0065548B /* AdsListDelegate.swift */ = {isa = PBXFileReference; lastKnownFileType = sourcecode.swift; path = AdsListDelegate.swift; sourceTree = "<group>"; };
		44B3BCBF2764FBC30065548B /* SelectionProvider.swift */ = {isa = PBXFileReference; lastKnownFileType = sourcecode.swift; path = SelectionProvider.swift; sourceTree = "<group>"; };
		44C60551275E7EA9002E4626 /* LeboncoinAds.app */ = {isa = PBXFileReference; explicitFileType = wrapper.application; includeInIndex = 0; path = LeboncoinAds.app; sourceTree = BUILT_PRODUCTS_DIR; };
		44C60554275E7EA9002E4626 /* AppDelegate.swift */ = {isa = PBXFileReference; lastKnownFileType = sourcecode.swift; path = AppDelegate.swift; sourceTree = "<group>"; };
		44C60556275E7EA9002E4626 /* SceneDelegate.swift */ = {isa = PBXFileReference; lastKnownFileType = sourcecode.swift; path = SceneDelegate.swift; sourceTree = "<group>"; };
		44C60558275E7EA9002E4626 /* AdsListViewController.swift */ = {isa = PBXFileReference; lastKnownFileType = sourcecode.swift; path = AdsListViewController.swift; sourceTree = "<group>"; };
		44C6055D275E7EAA002E4626 /* Assets.xcassets */ = {isa = PBXFileReference; lastKnownFileType = folder.assetcatalog; path = Assets.xcassets; sourceTree = "<group>"; };
		44C60560275E7EAA002E4626 /* Base */ = {isa = PBXFileReference; lastKnownFileType = file.storyboard; name = Base; path = Base.lproj/LaunchScreen.storyboard; sourceTree = "<group>"; };
		44C60562275E7EAA002E4626 /* Info.plist */ = {isa = PBXFileReference; lastKnownFileType = text.plist.xml; path = Info.plist; sourceTree = "<group>"; };
		44C60567275E7EAA002E4626 /* LeboncoinAdsTests.xctest */ = {isa = PBXFileReference; explicitFileType = wrapper.cfbundle; includeInIndex = 0; path = LeboncoinAdsTests.xctest; sourceTree = BUILT_PRODUCTS_DIR; };
		44C6056B275E7EAA002E4626 /* LeboncoinAdsTests.swift */ = {isa = PBXFileReference; lastKnownFileType = sourcecode.swift; path = LeboncoinAdsTests.swift; sourceTree = "<group>"; };
		44C60571275E7EAA002E4626 /* LeboncoinAdsUITests.xctest */ = {isa = PBXFileReference; explicitFileType = wrapper.cfbundle; includeInIndex = 0; path = LeboncoinAdsUITests.xctest; sourceTree = BUILT_PRODUCTS_DIR; };
		44C60575275E7EAA002E4626 /* LeboncoinAdsUITests.swift */ = {isa = PBXFileReference; lastKnownFileType = sourcecode.swift; path = LeboncoinAdsUITests.swift; sourceTree = "<group>"; };
		44C60577275E7EAA002E4626 /* LeboncoinAdsUITestsLaunchTests.swift */ = {isa = PBXFileReference; lastKnownFileType = sourcecode.swift; path = LeboncoinAdsUITestsLaunchTests.swift; sourceTree = "<group>"; };
		44C60586275FBD91002E4626 /* AdsLoader */ = {isa = PBXFileReference; lastKnownFileType = folder; path = AdsLoader; sourceTree = "<group>"; };
		44C6058D27623BDB002E4626 /* Models */ = {isa = PBXFileReference; lastKnownFileType = folder; path = Models; sourceTree = "<group>"; };
		44C6058E27623BEA002E4626 /* ModelConverter */ = {isa = PBXFileReference; lastKnownFileType = folder; path = ModelConverter; sourceTree = "<group>"; };
		44C6059527623FDA002E4626 /* AdsProvider.swift */ = {isa = PBXFileReference; lastKnownFileType = sourcecode.swift; path = AdsProvider.swift; sourceTree = "<group>"; };
		44C6059727625949002E4626 /* AdsListAssembler.swift */ = {isa = PBXFileReference; lastKnownFileType = sourcecode.swift; path = AdsListAssembler.swift; sourceTree = "<group>"; };
		44C6059927625D7D002E4626 /* MockAdsProvider.swift */ = {isa = PBXFileReference; lastKnownFileType = sourcecode.swift; path = MockAdsProvider.swift; sourceTree = "<group>"; };
/* End PBXFileReference section */

/* Begin PBXFrameworksBuildPhase section */
		44C6054E275E7EA9002E4626 /* Frameworks */ = {
			isa = PBXFrameworksBuildPhase;
			buildActionMask = 2147483647;
			files = (
				44C6059127623C83002E4626 /* AdsLoader in Frameworks */,
				44C6059327623C8C002E4626 /* ModelConverter in Frameworks */,
			);
			runOnlyForDeploymentPostprocessing = 0;
		};
		44C60564275E7EAA002E4626 /* Frameworks */ = {
			isa = PBXFrameworksBuildPhase;
			buildActionMask = 2147483647;
			files = (
			);
			runOnlyForDeploymentPostprocessing = 0;
		};
		44C6056E275E7EAA002E4626 /* Frameworks */ = {
			isa = PBXFrameworksBuildPhase;
			buildActionMask = 2147483647;
			files = (
			);
			runOnlyForDeploymentPostprocessing = 0;
		};
/* End PBXFrameworksBuildPhase section */

/* Begin PBXGroup section */
		4411D133276532C70034A403 /* FiltersList */ = {
			isa = PBXGroup;
			children = (
				4411D1342765333A0034A403 /* FiltersListViewController.swift */,
				4411D136276534FF0034A403 /* FilterProvider.swift */,
			);
			path = FiltersList;
			sourceTree = "<group>";
		};
		44B3BCC1276501170065548B /* Protocols */ = {
			isa = PBXGroup;
			children = (
				44B3BCBF2764FBC30065548B /* SelectionProvider.swift */,
				44C6059527623FDA002E4626 /* AdsProvider.swift */,
			);
			path = Protocols;
			sourceTree = "<group>";
		};
		44B3BCC2276501530065548B /* DataSource */ = {
			isa = PBXGroup;
			children = (
				442319732763F12200268B74 /* AdComplete+Hashable.swift */,
				442319712763F0BB00268B74 /* AdsListSection.swift */,
			);
			path = DataSource;
			sourceTree = "<group>";
		};
		44C60548275E7EA9002E4626 = {
			isa = PBXGroup;
			children = (
				44C60585275FBD91002E4626 /* Packages */,
				44C60553275E7EA9002E4626 /* LeboncoinAds */,
				44C6056A275E7EAA002E4626 /* LeboncoinAdsTests */,
				44C60574275E7EAA002E4626 /* LeboncoinAdsUITests */,
				44C60552275E7EA9002E4626 /* Products */,
				44C6058F27623C83002E4626 /* Frameworks */,
			);
			sourceTree = "<group>";
		};
		44C60552275E7EA9002E4626 /* Products */ = {
			isa = PBXGroup;
			children = (
				44C60551275E7EA9002E4626 /* LeboncoinAds.app */,
				44C60567275E7EAA002E4626 /* LeboncoinAdsTests.xctest */,
				44C60571275E7EAA002E4626 /* LeboncoinAdsUITests.xctest */,
			);
			name = Products;
			sourceTree = "<group>";
		};
		44C60553275E7EA9002E4626 /* LeboncoinAds */ = {
			isa = PBXGroup;
			children = (
				44C6059427623E24002E4626 /* AdsList */,
				4411D133276532C70034A403 /* FiltersList */,
				44C60554275E7EA9002E4626 /* AppDelegate.swift */,
				44C60556275E7EA9002E4626 /* SceneDelegate.swift */,
				44C6055D275E7EAA002E4626 /* Assets.xcassets */,
				44C6055F275E7EAA002E4626 /* LaunchScreen.storyboard */,
				44C60562275E7EAA002E4626 /* Info.plist */,
			);
			path = LeboncoinAds;
			sourceTree = "<group>";
		};
		44C6056A275E7EAA002E4626 /* LeboncoinAdsTests */ = {
			isa = PBXGroup;
			children = (
				44C6056B275E7EAA002E4626 /* LeboncoinAdsTests.swift */,
			);
			path = LeboncoinAdsTests;
			sourceTree = "<group>";
		};
		44C60574275E7EAA002E4626 /* LeboncoinAdsUITests */ = {
			isa = PBXGroup;
			children = (
				44C60575275E7EAA002E4626 /* LeboncoinAdsUITests.swift */,
				44C60577275E7EAA002E4626 /* LeboncoinAdsUITestsLaunchTests.swift */,
			);
			path = LeboncoinAdsUITests;
			sourceTree = "<group>";
		};
		44C60585275FBD91002E4626 /* Packages */ = {
			isa = PBXGroup;
			children = (
				44C60586275FBD91002E4626 /* AdsLoader */,
				44C6058D27623BDB002E4626 /* Models */,
				44C6058E27623BEA002E4626 /* ModelConverter */,
			);
			name = Packages;
			sourceTree = "<group>";
		};
		44C6058F27623C83002E4626 /* Frameworks */ = {
			isa = PBXGroup;
			children = (
			);
			name = Frameworks;
			sourceTree = "<group>";
		};
		44C6059427623E24002E4626 /* AdsList */ = {
			isa = PBXGroup;
			children = (
				44C6059727625949002E4626 /* AdsListAssembler.swift */,
				44C60558275E7EA9002E4626 /* AdsListViewController.swift */,
				447E18EA2763408C00B77F38 /* AdsListView.swift */,
				44B3BCC1276501170065548B /* Protocols */,
				44B3BCBD2764F60D0065548B /* AdsListDelegate.swift */,
				44C6059927625D7D002E4626 /* MockAdsProvider.swift */,
				44B3BCC2276501530065548B /* DataSource */,
			);
			path = AdsList;
			sourceTree = "<group>";
		};
/* End PBXGroup section */

/* Begin PBXNativeTarget section */
		44C60550275E7EA9002E4626 /* LeboncoinAds */ = {
			isa = PBXNativeTarget;
			buildConfigurationList = 44C6057B275E7EAA002E4626 /* Build configuration list for PBXNativeTarget "LeboncoinAds" */;
			buildPhases = (
				44C6054D275E7EA9002E4626 /* Sources */,
				44C6054E275E7EA9002E4626 /* Frameworks */,
				44C6054F275E7EA9002E4626 /* Resources */,
			);
			buildRules = (
			);
			dependencies = (
			);
			name = LeboncoinAds;
			packageProductDependencies = (
				44C6059027623C83002E4626 /* AdsLoader */,
				44C6059227623C8C002E4626 /* ModelConverter */,
			);
			productName = LeboncoinAds;
			productReference = 44C60551275E7EA9002E4626 /* LeboncoinAds.app */;
			productType = "com.apple.product-type.application";
		};
		44C60566275E7EAA002E4626 /* LeboncoinAdsTests */ = {
			isa = PBXNativeTarget;
			buildConfigurationList = 44C6057E275E7EAA002E4626 /* Build configuration list for PBXNativeTarget "LeboncoinAdsTests" */;
			buildPhases = (
				44C60563275E7EAA002E4626 /* Sources */,
				44C60564275E7EAA002E4626 /* Frameworks */,
				44C60565275E7EAA002E4626 /* Resources */,
			);
			buildRules = (
			);
			dependencies = (
				44C60569275E7EAA002E4626 /* PBXTargetDependency */,
			);
			name = LeboncoinAdsTests;
			productName = LeboncoinAdsTests;
			productReference = 44C60567275E7EAA002E4626 /* LeboncoinAdsTests.xctest */;
			productType = "com.apple.product-type.bundle.unit-test";
		};
		44C60570275E7EAA002E4626 /* LeboncoinAdsUITests */ = {
			isa = PBXNativeTarget;
			buildConfigurationList = 44C60581275E7EAA002E4626 /* Build configuration list for PBXNativeTarget "LeboncoinAdsUITests" */;
			buildPhases = (
				44C6056D275E7EAA002E4626 /* Sources */,
				44C6056E275E7EAA002E4626 /* Frameworks */,
				44C6056F275E7EAA002E4626 /* Resources */,
			);
			buildRules = (
			);
			dependencies = (
				44C60573275E7EAA002E4626 /* PBXTargetDependency */,
			);
			name = LeboncoinAdsUITests;
			productName = LeboncoinAdsUITests;
			productReference = 44C60571275E7EAA002E4626 /* LeboncoinAdsUITests.xctest */;
			productType = "com.apple.product-type.bundle.ui-testing";
		};
/* End PBXNativeTarget section */

/* Begin PBXProject section */
		44C60549275E7EA9002E4626 /* Project object */ = {
			isa = PBXProject;
			attributes = {
				BuildIndependentTargetsInParallel = 1;
				LastSwiftUpdateCheck = 1310;
				LastUpgradeCheck = 1310;
				TargetAttributes = {
					44C60550275E7EA9002E4626 = {
						CreatedOnToolsVersion = 13.1;
					};
					44C60566275E7EAA002E4626 = {
						CreatedOnToolsVersion = 13.1;
						TestTargetID = 44C60550275E7EA9002E4626;
					};
					44C60570275E7EAA002E4626 = {
						CreatedOnToolsVersion = 13.1;
						TestTargetID = 44C60550275E7EA9002E4626;
					};
				};
			};
			buildConfigurationList = 44C6054C275E7EA9002E4626 /* Build configuration list for PBXProject "LeboncoinAds" */;
			compatibilityVersion = "Xcode 13.0";
			developmentRegion = en;
			hasScannedForEncodings = 0;
			knownRegions = (
				en,
				Base,
			);
			mainGroup = 44C60548275E7EA9002E4626;
			productRefGroup = 44C60552275E7EA9002E4626 /* Products */;
			projectDirPath = "";
			projectRoot = "";
			targets = (
				44C60550275E7EA9002E4626 /* LeboncoinAds */,
				44C60566275E7EAA002E4626 /* LeboncoinAdsTests */,
				44C60570275E7EAA002E4626 /* LeboncoinAdsUITests */,
			);
		};
/* End PBXProject section */

/* Begin PBXResourcesBuildPhase section */
		44C6054F275E7EA9002E4626 /* Resources */ = {
			isa = PBXResourcesBuildPhase;
			buildActionMask = 2147483647;
			files = (
				44C60561275E7EAA002E4626 /* LaunchScreen.storyboard in Resources */,
				44C6055E275E7EAA002E4626 /* Assets.xcassets in Resources */,
			);
			runOnlyForDeploymentPostprocessing = 0;
		};
		44C60565275E7EAA002E4626 /* Resources */ = {
			isa = PBXResourcesBuildPhase;
			buildActionMask = 2147483647;
			files = (
			);
			runOnlyForDeploymentPostprocessing = 0;
		};
		44C6056F275E7EAA002E4626 /* Resources */ = {
			isa = PBXResourcesBuildPhase;
			buildActionMask = 2147483647;
			files = (
			);
			runOnlyForDeploymentPostprocessing = 0;
		};
/* End PBXResourcesBuildPhase section */

/* Begin PBXSourcesBuildPhase section */
		44C6054D275E7EA9002E4626 /* Sources */ = {
			isa = PBXSourcesBuildPhase;
			buildActionMask = 2147483647;
			files = (
				442319722763F0BB00268B74 /* AdsListSection.swift in Sources */,
				44C60559275E7EA9002E4626 /* AdsListViewController.swift in Sources */,
				4411D1352765333A0034A403 /* FiltersListViewController.swift in Sources */,
				44B3BCC02764FBC30065548B /* SelectionProvider.swift in Sources */,
				44C6059A27625D7D002E4626 /* MockAdsProvider.swift in Sources */,
				44B3BCBE2764F60D0065548B /* AdsListDelegate.swift in Sources */,
				4411D137276534FF0034A403 /* FilterProvider.swift in Sources */,
				44C60555275E7EA9002E4626 /* AppDelegate.swift in Sources */,
				44C6059827625949002E4626 /* AdsListAssembler.swift in Sources */,
				447E18EB2763408C00B77F38 /* AdsListView.swift in Sources */,
				442319742763F12200268B74 /* AdComplete+Hashable.swift in Sources */,
				44C60557275E7EA9002E4626 /* SceneDelegate.swift in Sources */,
				44C6059627623FDA002E4626 /* AdsProvider.swift in Sources */,
			);
			runOnlyForDeploymentPostprocessing = 0;
		};
		44C60563275E7EAA002E4626 /* Sources */ = {
			isa = PBXSourcesBuildPhase;
			buildActionMask = 2147483647;
			files = (
				44C6056C275E7EAA002E4626 /* LeboncoinAdsTests.swift in Sources */,
			);
			runOnlyForDeploymentPostprocessing = 0;
		};
		44C6056D275E7EAA002E4626 /* Sources */ = {
			isa = PBXSourcesBuildPhase;
			buildActionMask = 2147483647;
			files = (
				44C60576275E7EAA002E4626 /* LeboncoinAdsUITests.swift in Sources */,
				44C60578275E7EAA002E4626 /* LeboncoinAdsUITestsLaunchTests.swift in Sources */,
			);
			runOnlyForDeploymentPostprocessing = 0;
		};
/* End PBXSourcesBuildPhase section */

/* Begin PBXTargetDependency section */
		44C60569275E7EAA002E4626 /* PBXTargetDependency */ = {
			isa = PBXTargetDependency;
			target = 44C60550275E7EA9002E4626 /* LeboncoinAds */;
			targetProxy = 44C60568275E7EAA002E4626 /* PBXContainerItemProxy */;
		};
		44C60573275E7EAA002E4626 /* PBXTargetDependency */ = {
			isa = PBXTargetDependency;
			target = 44C60550275E7EA9002E4626 /* LeboncoinAds */;
			targetProxy = 44C60572275E7EAA002E4626 /* PBXContainerItemProxy */;
		};
/* End PBXTargetDependency section */

/* Begin PBXVariantGroup section */
		44C6055F275E7EAA002E4626 /* LaunchScreen.storyboard */ = {
			isa = PBXVariantGroup;
			children = (
				44C60560275E7EAA002E4626 /* Base */,
			);
			name = LaunchScreen.storyboard;
			sourceTree = "<group>";
		};
/* End PBXVariantGroup section */

/* Begin XCBuildConfiguration section */
		44C60579275E7EAA002E4626 /* Debug */ = {
			isa = XCBuildConfiguration;
			buildSettings = {
				ALWAYS_SEARCH_USER_PATHS = NO;
				CLANG_ANALYZER_NONNULL = YES;
				CLANG_ANALYZER_NUMBER_OBJECT_CONVERSION = YES_AGGRESSIVE;
				CLANG_CXX_LANGUAGE_STANDARD = "gnu++17";
				CLANG_CXX_LIBRARY = "libc++";
				CLANG_ENABLE_MODULES = YES;
				CLANG_ENABLE_OBJC_ARC = YES;
				CLANG_ENABLE_OBJC_WEAK = YES;
				CLANG_WARN_BLOCK_CAPTURE_AUTORELEASING = YES;
				CLANG_WARN_BOOL_CONVERSION = YES;
				CLANG_WARN_COMMA = YES;
				CLANG_WARN_CONSTANT_CONVERSION = YES;
				CLANG_WARN_DEPRECATED_OBJC_IMPLEMENTATIONS = YES;
				CLANG_WARN_DIRECT_OBJC_ISA_USAGE = YES_ERROR;
				CLANG_WARN_DOCUMENTATION_COMMENTS = YES;
				CLANG_WARN_EMPTY_BODY = YES;
				CLANG_WARN_ENUM_CONVERSION = YES;
				CLANG_WARN_INFINITE_RECURSION = YES;
				CLANG_WARN_INT_CONVERSION = YES;
				CLANG_WARN_NON_LITERAL_NULL_CONVERSION = YES;
				CLANG_WARN_OBJC_IMPLICIT_RETAIN_SELF = YES;
				CLANG_WARN_OBJC_LITERAL_CONVERSION = YES;
				CLANG_WARN_OBJC_ROOT_CLASS = YES_ERROR;
				CLANG_WARN_QUOTED_INCLUDE_IN_FRAMEWORK_HEADER = YES;
				CLANG_WARN_RANGE_LOOP_ANALYSIS = YES;
				CLANG_WARN_STRICT_PROTOTYPES = YES;
				CLANG_WARN_SUSPICIOUS_MOVE = YES;
				CLANG_WARN_UNGUARDED_AVAILABILITY = YES_AGGRESSIVE;
				CLANG_WARN_UNREACHABLE_CODE = YES;
				CLANG_WARN__DUPLICATE_METHOD_MATCH = YES;
				COPY_PHASE_STRIP = NO;
				DEBUG_INFORMATION_FORMAT = dwarf;
				ENABLE_STRICT_OBJC_MSGSEND = YES;
				ENABLE_TESTABILITY = YES;
				ENABLE_TESTING_SEARCH_PATHS = YES;
				GCC_C_LANGUAGE_STANDARD = gnu11;
				GCC_DYNAMIC_NO_PIC = NO;
				GCC_NO_COMMON_BLOCKS = YES;
				GCC_OPTIMIZATION_LEVEL = 0;
				GCC_PREPROCESSOR_DEFINITIONS = (
					"DEBUG=1",
					"$(inherited)",
				);
				GCC_WARN_64_TO_32_BIT_CONVERSION = YES;
				GCC_WARN_ABOUT_RETURN_TYPE = YES_ERROR;
				GCC_WARN_UNDECLARED_SELECTOR = YES;
				GCC_WARN_UNINITIALIZED_AUTOS = YES_AGGRESSIVE;
				GCC_WARN_UNUSED_FUNCTION = YES;
				GCC_WARN_UNUSED_VARIABLE = YES;
				IPHONEOS_DEPLOYMENT_TARGET = 14.0;
				MTL_ENABLE_DEBUG_INFO = INCLUDE_SOURCE;
				MTL_FAST_MATH = YES;
				ONLY_ACTIVE_ARCH = YES;
				SDKROOT = iphoneos;
				SWIFT_ACTIVE_COMPILATION_CONDITIONS = DEBUG;
				SWIFT_OPTIMIZATION_LEVEL = "-Onone";
			};
			name = Debug;
		};
		44C6057A275E7EAA002E4626 /* Release */ = {
			isa = XCBuildConfiguration;
			buildSettings = {
				ALWAYS_SEARCH_USER_PATHS = NO;
				CLANG_ANALYZER_NONNULL = YES;
				CLANG_ANALYZER_NUMBER_OBJECT_CONVERSION = YES_AGGRESSIVE;
				CLANG_CXX_LANGUAGE_STANDARD = "gnu++17";
				CLANG_CXX_LIBRARY = "libc++";
				CLANG_ENABLE_MODULES = YES;
				CLANG_ENABLE_OBJC_ARC = YES;
				CLANG_ENABLE_OBJC_WEAK = YES;
				CLANG_WARN_BLOCK_CAPTURE_AUTORELEASING = YES;
				CLANG_WARN_BOOL_CONVERSION = YES;
				CLANG_WARN_COMMA = YES;
				CLANG_WARN_CONSTANT_CONVERSION = YES;
				CLANG_WARN_DEPRECATED_OBJC_IMPLEMENTATIONS = YES;
				CLANG_WARN_DIRECT_OBJC_ISA_USAGE = YES_ERROR;
				CLANG_WARN_DOCUMENTATION_COMMENTS = YES;
				CLANG_WARN_EMPTY_BODY = YES;
				CLANG_WARN_ENUM_CONVERSION = YES;
				CLANG_WARN_INFINITE_RECURSION = YES;
				CLANG_WARN_INT_CONVERSION = YES;
				CLANG_WARN_NON_LITERAL_NULL_CONVERSION = YES;
				CLANG_WARN_OBJC_IMPLICIT_RETAIN_SELF = YES;
				CLANG_WARN_OBJC_LITERAL_CONVERSION = YES;
				CLANG_WARN_OBJC_ROOT_CLASS = YES_ERROR;
				CLANG_WARN_QUOTED_INCLUDE_IN_FRAMEWORK_HEADER = YES;
				CLANG_WARN_RANGE_LOOP_ANALYSIS = YES;
				CLANG_WARN_STRICT_PROTOTYPES = YES;
				CLANG_WARN_SUSPICIOUS_MOVE = YES;
				CLANG_WARN_UNGUARDED_AVAILABILITY = YES_AGGRESSIVE;
				CLANG_WARN_UNREACHABLE_CODE = YES;
				CLANG_WARN__DUPLICATE_METHOD_MATCH = YES;
				COPY_PHASE_STRIP = NO;
				DEBUG_INFORMATION_FORMAT = "dwarf-with-dsym";
				ENABLE_NS_ASSERTIONS = NO;
				ENABLE_STRICT_OBJC_MSGSEND = YES;
				ENABLE_TESTING_SEARCH_PATHS = YES;
				GCC_C_LANGUAGE_STANDARD = gnu11;
				GCC_NO_COMMON_BLOCKS = YES;
				GCC_WARN_64_TO_32_BIT_CONVERSION = YES;
				GCC_WARN_ABOUT_RETURN_TYPE = YES_ERROR;
				GCC_WARN_UNDECLARED_SELECTOR = YES;
				GCC_WARN_UNINITIALIZED_AUTOS = YES_AGGRESSIVE;
				GCC_WARN_UNUSED_FUNCTION = YES;
				GCC_WARN_UNUSED_VARIABLE = YES;
				IPHONEOS_DEPLOYMENT_TARGET = 14.0;
				MTL_ENABLE_DEBUG_INFO = NO;
				MTL_FAST_MATH = YES;
				SDKROOT = iphoneos;
				SWIFT_COMPILATION_MODE = wholemodule;
				SWIFT_OPTIMIZATION_LEVEL = "-O";
				VALIDATE_PRODUCT = YES;
			};
			name = Release;
		};
		44C6057C275E7EAA002E4626 /* Debug */ = {
			isa = XCBuildConfiguration;
			buildSettings = {
				ASSETCATALOG_COMPILER_APPICON_NAME = AppIcon;
				ASSETCATALOG_COMPILER_GLOBAL_ACCENT_COLOR_NAME = AccentColor;
				CODE_SIGN_STYLE = Automatic;
				CURRENT_PROJECT_VERSION = 1;
				DEVELOPMENT_TEAM = 7P6F5T8C6D;
				GENERATE_INFOPLIST_FILE = YES;
				INFOPLIST_FILE = LeboncoinAds/Info.plist;
				INFOPLIST_KEY_UIApplicationSupportsIndirectInputEvents = YES;
				INFOPLIST_KEY_UILaunchStoryboardName = LaunchScreen;
				INFOPLIST_KEY_UISupportedInterfaceOrientations_iPad = "UIInterfaceOrientationPortrait UIInterfaceOrientationPortraitUpsideDown UIInterfaceOrientationLandscapeLeft UIInterfaceOrientationLandscapeRight";
				INFOPLIST_KEY_UISupportedInterfaceOrientations_iPhone = "UIInterfaceOrientationPortrait UIInterfaceOrientationLandscapeLeft UIInterfaceOrientationLandscapeRight";
				LD_RUNPATH_SEARCH_PATHS = (
					"$(inherited)",
					"@executable_path/Frameworks",
				);
				MARKETING_VERSION = 1.0;
				PRODUCT_BUNDLE_IDENTIFIER = Triada.LeboncoinAds;
				PRODUCT_NAME = "$(TARGET_NAME)";
				SWIFT_EMIT_LOC_STRINGS = YES;
				SWIFT_VERSION = 5.0;
				TARGETED_DEVICE_FAMILY = "1,2";
			};
			name = Debug;
		};
		44C6057D275E7EAA002E4626 /* Release */ = {
			isa = XCBuildConfiguration;
			buildSettings = {
				ASSETCATALOG_COMPILER_APPICON_NAME = AppIcon;
				ASSETCATALOG_COMPILER_GLOBAL_ACCENT_COLOR_NAME = AccentColor;
				CODE_SIGN_STYLE = Automatic;
				CURRENT_PROJECT_VERSION = 1;
				DEVELOPMENT_TEAM = 7P6F5T8C6D;
				GENERATE_INFOPLIST_FILE = YES;
				INFOPLIST_FILE = LeboncoinAds/Info.plist;
				INFOPLIST_KEY_UIApplicationSupportsIndirectInputEvents = YES;
				INFOPLIST_KEY_UILaunchStoryboardName = LaunchScreen;
				INFOPLIST_KEY_UISupportedInterfaceOrientations_iPad = "UIInterfaceOrientationPortrait UIInterfaceOrientationPortraitUpsideDown UIInterfaceOrientationLandscapeLeft UIInterfaceOrientationLandscapeRight";
				INFOPLIST_KEY_UISupportedInterfaceOrientations_iPhone = "UIInterfaceOrientationPortrait UIInterfaceOrientationLandscapeLeft UIInterfaceOrientationLandscapeRight";
				LD_RUNPATH_SEARCH_PATHS = (
					"$(inherited)",
					"@executable_path/Frameworks",
				);
				MARKETING_VERSION = 1.0;
				PRODUCT_BUNDLE_IDENTIFIER = Triada.LeboncoinAds;
				PRODUCT_NAME = "$(TARGET_NAME)";
				SWIFT_EMIT_LOC_STRINGS = YES;
				SWIFT_VERSION = 5.0;
				TARGETED_DEVICE_FAMILY = "1,2";
			};
			name = Release;
		};
		44C6057F275E7EAA002E4626 /* Debug */ = {
			isa = XCBuildConfiguration;
			buildSettings = {
				ALWAYS_EMBED_SWIFT_STANDARD_LIBRARIES = YES;
				BUNDLE_LOADER = "$(TEST_HOST)";
				CODE_SIGN_STYLE = Automatic;
				CURRENT_PROJECT_VERSION = 1;
				DEVELOPMENT_TEAM = 7P6F5T8C6D;
				GENERATE_INFOPLIST_FILE = YES;
				IPHONEOS_DEPLOYMENT_TARGET = 15.0;
				LD_RUNPATH_SEARCH_PATHS = (
					"$(inherited)",
					"@executable_path/Frameworks",
					"@loader_path/Frameworks",
				);
				MARKETING_VERSION = 1.0;
				PRODUCT_BUNDLE_IDENTIFIER = Triada.LeboncoinAdsTests;
				PRODUCT_NAME = "$(TARGET_NAME)";
				SWIFT_EMIT_LOC_STRINGS = NO;
				SWIFT_VERSION = 5.0;
				TARGETED_DEVICE_FAMILY = "1,2";
				TEST_HOST = "$(BUILT_PRODUCTS_DIR)/LeboncoinAds.app/LeboncoinAds";
			};
			name = Debug;
		};
		44C60580275E7EAA002E4626 /* Release */ = {
			isa = XCBuildConfiguration;
			buildSettings = {
				ALWAYS_EMBED_SWIFT_STANDARD_LIBRARIES = YES;
				BUNDLE_LOADER = "$(TEST_HOST)";
				CODE_SIGN_STYLE = Automatic;
				CURRENT_PROJECT_VERSION = 1;
				DEVELOPMENT_TEAM = 7P6F5T8C6D;
				GENERATE_INFOPLIST_FILE = YES;
				IPHONEOS_DEPLOYMENT_TARGET = 15.0;
				LD_RUNPATH_SEARCH_PATHS = (
					"$(inherited)",
					"@executable_path/Frameworks",
					"@loader_path/Frameworks",
				);
				MARKETING_VERSION = 1.0;
				PRODUCT_BUNDLE_IDENTIFIER = Triada.LeboncoinAdsTests;
				PRODUCT_NAME = "$(TARGET_NAME)";
				SWIFT_EMIT_LOC_STRINGS = NO;
				SWIFT_VERSION = 5.0;
				TARGETED_DEVICE_FAMILY = "1,2";
				TEST_HOST = "$(BUILT_PRODUCTS_DIR)/LeboncoinAds.app/LeboncoinAds";
			};
			name = Release;
		};
		44C60582275E7EAA002E4626 /* Debug */ = {
			isa = XCBuildConfiguration;
			buildSettings = {
				ALWAYS_EMBED_SWIFT_STANDARD_LIBRARIES = YES;
				CODE_SIGN_STYLE = Automatic;
				CURRENT_PROJECT_VERSION = 1;
				DEVELOPMENT_TEAM = 7P6F5T8C6D;
				GENERATE_INFOPLIST_FILE = YES;
				LD_RUNPATH_SEARCH_PATHS = (
					"$(inherited)",
					"@executable_path/Frameworks",
					"@loader_path/Frameworks",
				);
				MARKETING_VERSION = 1.0;
				PRODUCT_BUNDLE_IDENTIFIER = Triada.LeboncoinAdsUITests;
				PRODUCT_NAME = "$(TARGET_NAME)";
				SWIFT_EMIT_LOC_STRINGS = NO;
				SWIFT_VERSION = 5.0;
				TARGETED_DEVICE_FAMILY = "1,2";
				TEST_TARGET_NAME = LeboncoinAds;
			};
			name = Debug;
		};
		44C60583275E7EAA002E4626 /* Release */ = {
			isa = XCBuildConfiguration;
			buildSettings = {
				ALWAYS_EMBED_SWIFT_STANDARD_LIBRARIES = YES;
				CODE_SIGN_STYLE = Automatic;
				CURRENT_PROJECT_VERSION = 1;
				DEVELOPMENT_TEAM = 7P6F5T8C6D;
				GENERATE_INFOPLIST_FILE = YES;
				LD_RUNPATH_SEARCH_PATHS = (
					"$(inherited)",
					"@executable_path/Frameworks",
					"@loader_path/Frameworks",
				);
				MARKETING_VERSION = 1.0;
				PRODUCT_BUNDLE_IDENTIFIER = Triada.LeboncoinAdsUITests;
				PRODUCT_NAME = "$(TARGET_NAME)";
				SWIFT_EMIT_LOC_STRINGS = NO;
				SWIFT_VERSION = 5.0;
				TARGETED_DEVICE_FAMILY = "1,2";
				TEST_TARGET_NAME = LeboncoinAds;
			};
			name = Release;
		};
/* End XCBuildConfiguration section */

/* Begin XCConfigurationList section */
		44C6054C275E7EA9002E4626 /* Build configuration list for PBXProject "LeboncoinAds" */ = {
			isa = XCConfigurationList;
			buildConfigurations = (
				44C60579275E7EAA002E4626 /* Debug */,
				44C6057A275E7EAA002E4626 /* Release */,
			);
			defaultConfigurationIsVisible = 0;
			defaultConfigurationName = Release;
		};
		44C6057B275E7EAA002E4626 /* Build configuration list for PBXNativeTarget "LeboncoinAds" */ = {
			isa = XCConfigurationList;
			buildConfigurations = (
				44C6057C275E7EAA002E4626 /* Debug */,
				44C6057D275E7EAA002E4626 /* Release */,
			);
			defaultConfigurationIsVisible = 0;
			defaultConfigurationName = Release;
		};
		44C6057E275E7EAA002E4626 /* Build configuration list for PBXNativeTarget "LeboncoinAdsTests" */ = {
			isa = XCConfigurationList;
			buildConfigurations = (
				44C6057F275E7EAA002E4626 /* Debug */,
				44C60580275E7EAA002E4626 /* Release */,
			);
			defaultConfigurationIsVisible = 0;
			defaultConfigurationName = Release;
		};
		44C60581275E7EAA002E4626 /* Build configuration list for PBXNativeTarget "LeboncoinAdsUITests" */ = {
			isa = XCConfigurationList;
			buildConfigurations = (
				44C60582275E7EAA002E4626 /* Debug */,
				44C60583275E7EAA002E4626 /* Release */,
			);
			defaultConfigurationIsVisible = 0;
			defaultConfigurationName = Release;
		};
/* End XCConfigurationList section */

/* Begin XCSwiftPackageProductDependency section */
		44C6059027623C83002E4626 /* AdsLoader */ = {
			isa = XCSwiftPackageProductDependency;
			productName = AdsLoader;
		};
		44C6059227623C8C002E4626 /* ModelConverter */ = {
			isa = XCSwiftPackageProductDependency;
			productName = ModelConverter;
		};
/* End XCSwiftPackageProductDependency section */
	};
	rootObject = 44C60549275E7EA9002E4626 /* Project object */;
}
